// !$*UTF8*$!
{
	archiveVersion = 1;
	classes = {
	};
	objectVersion = 56;
	objects = {

/* Begin PBXBuildFile section */
		861C61A529CABE540014F092 /* AddCarViewController.swift in Sources */ = {isa = PBXBuildFile; fileRef = 861C61A429CABE540014F092 /* AddCarViewController.swift */; };
		861C61A729CB7F890014F092 /* CarListViewController.swift in Sources */ = {isa = PBXBuildFile; fileRef = 861C61A629CB7F890014F092 /* CarListViewController.swift */; };
		861C61AA29CBA3290014F092 /* CoreLocation.framework in Frameworks */ = {isa = PBXBuildFile; fileRef = 861C61A929CBA3280014F092 /* CoreLocation.framework */; };
		861C61AC29CBA3460014F092 /* MapKit.framework in Frameworks */ = {isa = PBXBuildFile; fileRef = 861C61AB29CBA3460014F092 /* MapKit.framework */; };
		861C61AE29CBA4900014F092 /* MapViewController.swift in Sources */ = {isa = PBXBuildFile; fileRef = 861C61AD29CBA4900014F092 /* MapViewController.swift */; };
		861C61B029CBA8460014F092 /* Network.framework in Frameworks */ = {isa = PBXBuildFile; fileRef = 861C61AF29CBA8460014F092 /* Network.framework */; };
		863E6EBD29CA068600D21C7B /* AppDelegate.swift in Sources */ = {isa = PBXBuildFile; fileRef = 863E6EBC29CA068600D21C7B /* AppDelegate.swift */; };
		863E6EBF29CA068600D21C7B /* SceneDelegate.swift in Sources */ = {isa = PBXBuildFile; fileRef = 863E6EBE29CA068600D21C7B /* SceneDelegate.swift */; };
		863E6EC129CA068600D21C7B /* ViewController.swift in Sources */ = {isa = PBXBuildFile; fileRef = 863E6EC029CA068600D21C7B /* ViewController.swift */; };
		863E6EC429CA068600D21C7B /* Main.storyboard in Resources */ = {isa = PBXBuildFile; fileRef = 863E6EC229CA068600D21C7B /* Main.storyboard */; };
		863E6EC729CA068600D21C7B /* AutoAcuerdate.xcdatamodeld in Sources */ = {isa = PBXBuildFile; fileRef = 863E6EC529CA068600D21C7B /* AutoAcuerdate.xcdatamodeld */; };
		863E6EC929CA068700D21C7B /* Assets.xcassets in Resources */ = {isa = PBXBuildFile; fileRef = 863E6EC829CA068700D21C7B /* Assets.xcassets */; };
		863E6ECC29CA068700D21C7B /* LaunchScreen.storyboard in Resources */ = {isa = PBXBuildFile; fileRef = 863E6ECA29CA068700D21C7B /* LaunchScreen.storyboard */; };
		86DA6EF129CCF90D00A31033 /* CardItemCollectionViewCell.swift in Sources */ = {isa = PBXBuildFile; fileRef = 86DA6EEF29CCF90C00A31033 /* CardItemCollectionViewCell.swift */; };
		86DA6EF229CCF90D00A31033 /* CardItemCollectionViewCell.xib in Resources */ = {isa = PBXBuildFile; fileRef = 86DA6EF029CCF90C00A31033 /* CardItemCollectionViewCell.xib */; };
		86DA6EF529CD19E300A31033 /* LocationItemCollectionViewCell.swift in Sources */ = {isa = PBXBuildFile; fileRef = 86DA6EF329CD19E200A31033 /* LocationItemCollectionViewCell.swift */; };
		86DA6EF629CD19E300A31033 /* LocationItemCollectionViewCell.xib in Resources */ = {isa = PBXBuildFile; fileRef = 86DA6EF429CD19E200A31033 /* LocationItemCollectionViewCell.xib */; };
		86DA6EF829CE047D00A31033 /* CredentialDetailViewController.swift in Sources */ = {isa = PBXBuildFile; fileRef = 86DA6EF729CE047D00A31033 /* CredentialDetailViewController.swift */; };
		86DA6EFB29CE0BDC00A31033 /* InternetMonitor.swift in Sources */ = {isa = PBXBuildFile; fileRef = 86DA6EFA29CE0BDC00A31033 /* InternetMonitor.swift */; };
		86DA6EFD29CE0E1B00A31033 /* AddCredentialViewController.swift in Sources */ = {isa = PBXBuildFile; fileRef = 86DA6EFC29CE0E1B00A31033 /* AddCredentialViewController.swift */; };
		86FE0D3629CBC92C0075350A /* CredentialsViewController.swift in Sources */ = {isa = PBXBuildFile; fileRef = 86FE0D3529CBC92B0075350A /* CredentialsViewController.swift */; };
		86FE0D3829CBC9570075350A /* LocationsViewController.swift in Sources */ = {isa = PBXBuildFile; fileRef = 86FE0D3729CBC9570075350A /* LocationsViewController.swift */; };
		86FE0D3B29CBCE500075350A /* Car.swift in Sources */ = {isa = PBXBuildFile; fileRef = 86FE0D3A29CBCE500075350A /* Car.swift */; };
		86FE0D3D29CBCE980075350A /* Card.swift in Sources */ = {isa = PBXBuildFile; fileRef = 86FE0D3C29CBCE980075350A /* Card.swift */; };
		86FE0D3F29CBCEC50075350A /* Location.swift in Sources */ = {isa = PBXBuildFile; fileRef = 86FE0D3E29CBCEC50075350A /* Location.swift */; };
		86FE0D4129CCB0ED0075350A /* CarDetailViewController.swift in Sources */ = {isa = PBXBuildFile; fileRef = 86FE0D4029CCB0ED0075350A /* CarDetailViewController.swift */; };
		86FE0D4429CCCE8A0075350A /* CarItemTableViewCell.swift in Sources */ = {isa = PBXBuildFile; fileRef = 86FE0D4229CCCE890075350A /* CarItemTableViewCell.swift */; };
		86FE0D4529CCCE8A0075350A /* CarItemTableViewCell.xib in Resources */ = {isa = PBXBuildFile; fileRef = 86FE0D4329CCCE890075350A /* CarItemTableViewCell.xib */; };
/* End PBXBuildFile section */

/* Begin PBXFileReference section */
		861C61A429CABE540014F092 /* AddCarViewController.swift */ = {isa = PBXFileReference; lastKnownFileType = sourcecode.swift; path = AddCarViewController.swift; sourceTree = "<group>"; };
		861C61A629CB7F890014F092 /* CarListViewController.swift */ = {isa = PBXFileReference; lastKnownFileType = sourcecode.swift; path = CarListViewController.swift; sourceTree = "<group>"; };
		861C61A929CBA3280014F092 /* CoreLocation.framework */ = {isa = PBXFileReference; lastKnownFileType = wrapper.framework; name = CoreLocation.framework; path = System/Library/Frameworks/CoreLocation.framework; sourceTree = SDKROOT; };
		861C61AB29CBA3460014F092 /* MapKit.framework */ = {isa = PBXFileReference; lastKnownFileType = wrapper.framework; name = MapKit.framework; path = System/Library/Frameworks/MapKit.framework; sourceTree = SDKROOT; };
		861C61AD29CBA4900014F092 /* MapViewController.swift */ = {isa = PBXFileReference; lastKnownFileType = sourcecode.swift; path = MapViewController.swift; sourceTree = "<group>"; };
		861C61AF29CBA8460014F092 /* Network.framework */ = {isa = PBXFileReference; lastKnownFileType = wrapper.framework; name = Network.framework; path = System/Library/Frameworks/Network.framework; sourceTree = SDKROOT; };
		863E6EB929CA068600D21C7B /* AutoAcuerdate.app */ = {isa = PBXFileReference; explicitFileType = wrapper.application; includeInIndex = 0; path = AutoAcuerdate.app; sourceTree = BUILT_PRODUCTS_DIR; };
		863E6EBC29CA068600D21C7B /* AppDelegate.swift */ = {isa = PBXFileReference; lastKnownFileType = sourcecode.swift; path = AppDelegate.swift; sourceTree = "<group>"; };
		863E6EBE29CA068600D21C7B /* SceneDelegate.swift */ = {isa = PBXFileReference; lastKnownFileType = sourcecode.swift; path = SceneDelegate.swift; sourceTree = "<group>"; };
		863E6EC029CA068600D21C7B /* ViewController.swift */ = {isa = PBXFileReference; lastKnownFileType = sourcecode.swift; path = ViewController.swift; sourceTree = "<group>"; };
		863E6EC329CA068600D21C7B /* Base */ = {isa = PBXFileReference; lastKnownFileType = file.storyboard; name = Base; path = Base.lproj/Main.storyboard; sourceTree = "<group>"; };
		863E6EC629CA068600D21C7B /* AutoAcuerdate.xcdatamodel */ = {isa = PBXFileReference; lastKnownFileType = wrapper.xcdatamodel; path = AutoAcuerdate.xcdatamodel; sourceTree = "<group>"; };
		863E6EC829CA068700D21C7B /* Assets.xcassets */ = {isa = PBXFileReference; lastKnownFileType = folder.assetcatalog; path = Assets.xcassets; sourceTree = "<group>"; };
		863E6ECB29CA068700D21C7B /* Base */ = {isa = PBXFileReference; lastKnownFileType = file.storyboard; name = Base; path = Base.lproj/LaunchScreen.storyboard; sourceTree = "<group>"; };
		863E6ECD29CA068700D21C7B /* Info.plist */ = {isa = PBXFileReference; lastKnownFileType = text.plist.xml; path = Info.plist; sourceTree = "<group>"; };
		86DA6EEF29CCF90C00A31033 /* CardItemCollectionViewCell.swift */ = {isa = PBXFileReference; lastKnownFileType = sourcecode.swift; path = CardItemCollectionViewCell.swift; sourceTree = "<group>"; };
		86DA6EF029CCF90C00A31033 /* CardItemCollectionViewCell.xib */ = {isa = PBXFileReference; lastKnownFileType = file.xib; path = CardItemCollectionViewCell.xib; sourceTree = "<group>"; };
		86DA6EF329CD19E200A31033 /* LocationItemCollectionViewCell.swift */ = {isa = PBXFileReference; lastKnownFileType = sourcecode.swift; path = LocationItemCollectionViewCell.swift; sourceTree = "<group>"; };
		86DA6EF429CD19E200A31033 /* LocationItemCollectionViewCell.xib */ = {isa = PBXFileReference; lastKnownFileType = file.xib; path = LocationItemCollectionViewCell.xib; sourceTree = "<group>"; };
		86DA6EF729CE047D00A31033 /* CredentialDetailViewController.swift */ = {isa = PBXFileReference; lastKnownFileType = sourcecode.swift; path = CredentialDetailViewController.swift; sourceTree = "<group>"; };
		86DA6EFA29CE0BDC00A31033 /* InternetMonitor.swift */ = {isa = PBXFileReference; lastKnownFileType = sourcecode.swift; path = InternetMonitor.swift; sourceTree = "<group>"; };
		86DA6EFC29CE0E1B00A31033 /* AddCredentialViewController.swift */ = {isa = PBXFileReference; lastKnownFileType = sourcecode.swift; path = AddCredentialViewController.swift; sourceTree = "<group>"; };
		86FE0D3529CBC92B0075350A /* CredentialsViewController.swift */ = {isa = PBXFileReference; lastKnownFileType = sourcecode.swift; path = CredentialsViewController.swift; sourceTree = "<group>"; };
		86FE0D3729CBC9570075350A /* LocationsViewController.swift */ = {isa = PBXFileReference; lastKnownFileType = sourcecode.swift; path = LocationsViewController.swift; sourceTree = "<group>"; };
		86FE0D3A29CBCE500075350A /* Car.swift */ = {isa = PBXFileReference; lastKnownFileType = sourcecode.swift; path = Car.swift; sourceTree = "<group>"; };
		86FE0D3C29CBCE980075350A /* Card.swift */ = {isa = PBXFileReference; lastKnownFileType = sourcecode.swift; path = Card.swift; sourceTree = "<group>"; };
		86FE0D3E29CBCEC50075350A /* Location.swift */ = {isa = PBXFileReference; lastKnownFileType = sourcecode.swift; path = Location.swift; sourceTree = "<group>"; };
		86FE0D4029CCB0ED0075350A /* CarDetailViewController.swift */ = {isa = PBXFileReference; lastKnownFileType = sourcecode.swift; path = CarDetailViewController.swift; sourceTree = "<group>"; };
		86FE0D4229CCCE890075350A /* CarItemTableViewCell.swift */ = {isa = PBXFileReference; lastKnownFileType = sourcecode.swift; path = CarItemTableViewCell.swift; sourceTree = "<group>"; };
		86FE0D4329CCCE890075350A /* CarItemTableViewCell.xib */ = {isa = PBXFileReference; lastKnownFileType = file.xib; path = CarItemTableViewCell.xib; sourceTree = "<group>"; };
/* End PBXFileReference section */

/* Begin PBXFrameworksBuildPhase section */
		863E6EB629CA068600D21C7B /* Frameworks */ = {
			isa = PBXFrameworksBuildPhase;
			buildActionMask = 2147483647;
			files = (
				861C61AC29CBA3460014F092 /* MapKit.framework in Frameworks */,
				861C61AA29CBA3290014F092 /* CoreLocation.framework in Frameworks */,
				861C61B029CBA8460014F092 /* Network.framework in Frameworks */,
			);
			runOnlyForDeploymentPostprocessing = 0;
		};
/* End PBXFrameworksBuildPhase section */

/* Begin PBXGroup section */
		861C61A329CABD9B0014F092 /* Controllers */ = {
			isa = PBXGroup;
			children = (
				861C61A629CB7F890014F092 /* CarListViewController.swift */,
				86FE0D4029CCB0ED0075350A /* CarDetailViewController.swift */,
				861C61A429CABE540014F092 /* AddCarViewController.swift */,
				86FE0D3529CBC92B0075350A /* CredentialsViewController.swift */,
				86DA6EF729CE047D00A31033 /* CredentialDetailViewController.swift */,
				86DA6EFC29CE0E1B00A31033 /* AddCredentialViewController.swift */,
				861C61AD29CBA4900014F092 /* MapViewController.swift */,
				86FE0D3729CBC9570075350A /* LocationsViewController.swift */,
			);
			path = Controllers;
			sourceTree = "<group>";
		};
		861C61A829CBA3270014F092 /* Frameworks */ = {
			isa = PBXGroup;
			children = (
				861C61AF29CBA8460014F092 /* Network.framework */,
				861C61AB29CBA3460014F092 /* MapKit.framework */,
				861C61A929CBA3280014F092 /* CoreLocation.framework */,
			);
			name = Frameworks;
			sourceTree = "<group>";
		};
		863E6EB029CA068600D21C7B = {
			isa = PBXGroup;
			children = (
				863E6EBB29CA068600D21C7B /* AutoAcuerdate */,
				863E6EBA29CA068600D21C7B /* Products */,
				861C61A829CBA3270014F092 /* Frameworks */,
			);
			sourceTree = "<group>";
		};
		863E6EBA29CA068600D21C7B /* Products */ = {
			isa = PBXGroup;
			children = (
				863E6EB929CA068600D21C7B /* AutoAcuerdate.app */,
			);
			name = Products;
			sourceTree = "<group>";
		};
		863E6EBB29CA068600D21C7B /* AutoAcuerdate */ = {
			isa = PBXGroup;
			children = (
				86DA6EF929CE0B8D00A31033 /* Utils */,
				86FE0D4629CCCEBC0075350A /* Cells */,
				86FE0D3929CBCE0A0075350A /* Models */,
				861C61A329CABD9B0014F092 /* Controllers */,
				863E6EBC29CA068600D21C7B /* AppDelegate.swift */,
				863E6EBE29CA068600D21C7B /* SceneDelegate.swift */,
				863E6EC029CA068600D21C7B /* ViewController.swift */,
				863E6ECA29CA068700D21C7B /* LaunchScreen.storyboard */,
				863E6EC229CA068600D21C7B /* Main.storyboard */,
				86FE0D4329CCCE890075350A /* CarItemTableViewCell.xib */,
				86DA6EF029CCF90C00A31033 /* CardItemCollectionViewCell.xib */,
				86DA6EF429CD19E200A31033 /* LocationItemCollectionViewCell.xib */,
				863E6EC829CA068700D21C7B /* Assets.xcassets */,
				863E6ECD29CA068700D21C7B /* Info.plist */,
				863E6EC529CA068600D21C7B /* AutoAcuerdate.xcdatamodeld */,
			);
			path = AutoAcuerdate;
			sourceTree = "<group>";
		};
		86DA6EF929CE0B8D00A31033 /* Utils */ = {
			isa = PBXGroup;
			children = (
				86DA6EFA29CE0BDC00A31033 /* InternetMonitor.swift */,
			);
			path = Utils;
			sourceTree = "<group>";
		};
		86FE0D3929CBCE0A0075350A /* Models */ = {
			isa = PBXGroup;
			children = (
				86FE0D3A29CBCE500075350A /* Car.swift */,
				86FE0D3C29CBCE980075350A /* Card.swift */,
				86FE0D3E29CBCEC50075350A /* Location.swift */,
			);
			path = Models;
			sourceTree = "<group>";
		};
		86FE0D4629CCCEBC0075350A /* Cells */ = {
			isa = PBXGroup;
			children = (
				86FE0D4229CCCE890075350A /* CarItemTableViewCell.swift */,
				86DA6EEF29CCF90C00A31033 /* CardItemCollectionViewCell.swift */,
				86DA6EF329CD19E200A31033 /* LocationItemCollectionViewCell.swift */,
			);
			path = Cells;
			sourceTree = "<group>";
		};
/* End PBXGroup section */

/* Begin PBXNativeTarget section */
		863E6EB829CA068600D21C7B /* AutoAcuerdate */ = {
			isa = PBXNativeTarget;
			buildConfigurationList = 863E6ED029CA068800D21C7B /* Build configuration list for PBXNativeTarget "AutoAcuerdate" */;
			buildPhases = (
				863E6EB529CA068600D21C7B /* Sources */,
				863E6EB629CA068600D21C7B /* Frameworks */,
				863E6EB729CA068600D21C7B /* Resources */,
			);
			buildRules = (
			);
			dependencies = (
			);
			name = AutoAcuerdate;
			productName = AutoAcuerdate;
			productReference = 863E6EB929CA068600D21C7B /* AutoAcuerdate.app */;
			productType = "com.apple.product-type.application";
		};
/* End PBXNativeTarget section */

/* Begin PBXProject section */
		863E6EB129CA068600D21C7B /* Project object */ = {
			isa = PBXProject;
			attributes = {
				BuildIndependentTargetsInParallel = 1;
				LastSwiftUpdateCheck = 1420;
				LastUpgradeCheck = 1420;
				TargetAttributes = {
					863E6EB829CA068600D21C7B = {
						CreatedOnToolsVersion = 14.2;
					};
				};
			};
			buildConfigurationList = 863E6EB429CA068600D21C7B /* Build configuration list for PBXProject "AutoAcuerdate" */;
			compatibilityVersion = "Xcode 14.0";
			developmentRegion = en;
			hasScannedForEncodings = 0;
			knownRegions = (
				en,
				Base,
			);
			mainGroup = 863E6EB029CA068600D21C7B;
			productRefGroup = 863E6EBA29CA068600D21C7B /* Products */;
			projectDirPath = "";
			projectRoot = "";
			targets = (
				863E6EB829CA068600D21C7B /* AutoAcuerdate */,
			);
		};
/* End PBXProject section */

/* Begin PBXResourcesBuildPhase section */
		863E6EB729CA068600D21C7B /* Resources */ = {
			isa = PBXResourcesBuildPhase;
			buildActionMask = 2147483647;
			files = (
				863E6ECC29CA068700D21C7B /* LaunchScreen.storyboard in Resources */,
				86DA6EF229CCF90D00A31033 /* CardItemCollectionViewCell.xib in Resources */,
				86DA6EF629CD19E300A31033 /* LocationItemCollectionViewCell.xib in Resources */,
				86FE0D4529CCCE8A0075350A /* CarItemTableViewCell.xib in Resources */,
				863E6EC929CA068700D21C7B /* Assets.xcassets in Resources */,
				863E6EC429CA068600D21C7B /* Main.storyboard in Resources */,
			);
			runOnlyForDeploymentPostprocessing = 0;
		};
/* End PBXResourcesBuildPhase section */

/* Begin PBXSourcesBuildPhase section */
		863E6EB529CA068600D21C7B /* Sources */ = {
			isa = PBXSourcesBuildPhase;
			buildActionMask = 2147483647;
			files = (
				863E6EC129CA068600D21C7B /* ViewController.swift in Sources */,
				86FE0D4129CCB0ED0075350A /* CarDetailViewController.swift in Sources */,
				86DA6EF829CE047D00A31033 /* CredentialDetailViewController.swift in Sources */,
				86DA6EF129CCF90D00A31033 /* CardItemCollectionViewCell.swift in Sources */,
				861C61A729CB7F890014F092 /* CarListViewController.swift in Sources */,
				86FE0D3B29CBCE500075350A /* Car.swift in Sources */,
				86FE0D3829CBC9570075350A /* LocationsViewController.swift in Sources */,
				86FE0D4429CCCE8A0075350A /* CarItemTableViewCell.swift in Sources */,
				863E6EC729CA068600D21C7B /* AutoAcuerdate.xcdatamodeld in Sources */,
				86DA6EFB29CE0BDC00A31033 /* InternetMonitor.swift in Sources */,
				861C61A529CABE540014F092 /* AddCarViewController.swift in Sources */,
				863E6EBD29CA068600D21C7B /* AppDelegate.swift in Sources */,
				863E6EBF29CA068600D21C7B /* SceneDelegate.swift in Sources */,
				861C61AE29CBA4900014F092 /* MapViewController.swift in Sources */,
				86FE0D3629CBC92C0075350A /* CredentialsViewController.swift in Sources */,
				86FE0D3F29CBCEC50075350A /* Location.swift in Sources */,
				86DA6EF529CD19E300A31033 /* LocationItemCollectionViewCell.swift in Sources */,
				86DA6EFD29CE0E1B00A31033 /* AddCredentialViewController.swift in Sources */,
				86FE0D3D29CBCE980075350A /* Card.swift in Sources */,
			);
			runOnlyForDeploymentPostprocessing = 0;
		};
/* End PBXSourcesBuildPhase section */

/* Begin PBXVariantGroup section */
		863E6EC229CA068600D21C7B /* Main.storyboard */ = {
			isa = PBXVariantGroup;
			children = (
				863E6EC329CA068600D21C7B /* Base */,
			);
			name = Main.storyboard;
			sourceTree = "<group>";
		};
		863E6ECA29CA068700D21C7B /* LaunchScreen.storyboard */ = {
			isa = PBXVariantGroup;
			children = (
				863E6ECB29CA068700D21C7B /* Base */,
			);
			name = LaunchScreen.storyboard;
			sourceTree = "<group>";
		};
/* End PBXVariantGroup section */

/* Begin XCBuildConfiguration section */
		863E6ECE29CA068700D21C7B /* Debug */ = {
			isa = XCBuildConfiguration;
			buildSettings = {
				ALWAYS_SEARCH_USER_PATHS = NO;
				CLANG_ANALYZER_NONNULL = YES;
				CLANG_ANALYZER_NUMBER_OBJECT_CONVERSION = YES_AGGRESSIVE;
				CLANG_CXX_LANGUAGE_STANDARD = "gnu++20";
				CLANG_ENABLE_MODULES = YES;
				CLANG_ENABLE_OBJC_ARC = YES;
				CLANG_ENABLE_OBJC_WEAK = YES;
				CLANG_WARN_BLOCK_CAPTURE_AUTORELEASING = YES;
				CLANG_WARN_BOOL_CONVERSION = YES;
				CLANG_WARN_COMMA = YES;
				CLANG_WARN_CONSTANT_CONVERSION = YES;
				CLANG_WARN_DEPRECATED_OBJC_IMPLEMENTATIONS = YES;
				CLANG_WARN_DIRECT_OBJC_ISA_USAGE = YES_ERROR;
				CLANG_WARN_DOCUMENTATION_COMMENTS = YES;
				CLANG_WARN_EMPTY_BODY = YES;
				CLANG_WARN_ENUM_CONVERSION = YES;
				CLANG_WARN_INFINITE_RECURSION = YES;
				CLANG_WARN_INT_CONVERSION = YES;
				CLANG_WARN_NON_LITERAL_NULL_CONVERSION = YES;
				CLANG_WARN_OBJC_IMPLICIT_RETAIN_SELF = YES;
				CLANG_WARN_OBJC_LITERAL_CONVERSION = YES;
				CLANG_WARN_OBJC_ROOT_CLASS = YES_ERROR;
				CLANG_WARN_QUOTED_INCLUDE_IN_FRAMEWORK_HEADER = YES;
				CLANG_WARN_RANGE_LOOP_ANALYSIS = YES;
				CLANG_WARN_STRICT_PROTOTYPES = YES;
				CLANG_WARN_SUSPICIOUS_MOVE = YES;
				CLANG_WARN_UNGUARDED_AVAILABILITY = YES_AGGRESSIVE;
				CLANG_WARN_UNREACHABLE_CODE = YES;
				CLANG_WARN__DUPLICATE_METHOD_MATCH = YES;
				COPY_PHASE_STRIP = NO;
				DEBUG_INFORMATION_FORMAT = dwarf;
				ENABLE_STRICT_OBJC_MSGSEND = YES;
				ENABLE_TESTABILITY = YES;
				GCC_C_LANGUAGE_STANDARD = gnu11;
				GCC_DYNAMIC_NO_PIC = NO;
				GCC_NO_COMMON_BLOCKS = YES;
				GCC_OPTIMIZATION_LEVEL = 0;
				GCC_PREPROCESSOR_DEFINITIONS = (
					"DEBUG=1",
					"$(inherited)",
				);
				GCC_WARN_64_TO_32_BIT_CONVERSION = YES;
				GCC_WARN_ABOUT_RETURN_TYPE = YES_ERROR;
				GCC_WARN_UNDECLARED_SELECTOR = YES;
				GCC_WARN_UNINITIALIZED_AUTOS = YES_AGGRESSIVE;
				GCC_WARN_UNUSED_FUNCTION = YES;
				GCC_WARN_UNUSED_VARIABLE = YES;
				IPHONEOS_DEPLOYMENT_TARGET = 16.2;
				MTL_ENABLE_DEBUG_INFO = INCLUDE_SOURCE;
				MTL_FAST_MATH = YES;
				ONLY_ACTIVE_ARCH = YES;
				SDKROOT = iphoneos;
				SWIFT_ACTIVE_COMPILATION_CONDITIONS = DEBUG;
				SWIFT_OPTIMIZATION_LEVEL = "-Onone";
			};
			name = Debug;
		};
		863E6ECF29CA068700D21C7B /* Release */ = {
			isa = XCBuildConfiguration;
			buildSettings = {
				ALWAYS_SEARCH_USER_PATHS = NO;
				CLANG_ANALYZER_NONNULL = YES;
				CLANG_ANALYZER_NUMBER_OBJECT_CONVERSION = YES_AGGRESSIVE;
				CLANG_CXX_LANGUAGE_STANDARD = "gnu++20";
				CLANG_ENABLE_MODULES = YES;
				CLANG_ENABLE_OBJC_ARC = YES;
				CLANG_ENABLE_OBJC_WEAK = YES;
				CLANG_WARN_BLOCK_CAPTURE_AUTORELEASING = YES;
				CLANG_WARN_BOOL_CONVERSION = YES;
				CLANG_WARN_COMMA = YES;
				CLANG_WARN_CONSTANT_CONVERSION = YES;
				CLANG_WARN_DEPRECATED_OBJC_IMPLEMENTATIONS = YES;
				CLANG_WARN_DIRECT_OBJC_ISA_USAGE = YES_ERROR;
				CLANG_WARN_DOCUMENTATION_COMMENTS = YES;
				CLANG_WARN_EMPTY_BODY = YES;
				CLANG_WARN_ENUM_CONVERSION = YES;
				CLANG_WARN_INFINITE_RECURSION = YES;
				CLANG_WARN_INT_CONVERSION = YES;
				CLANG_WARN_NON_LITERAL_NULL_CONVERSION = YES;
				CLANG_WARN_OBJC_IMPLICIT_RETAIN_SELF = YES;
				CLANG_WARN_OBJC_LITERAL_CONVERSION = YES;
				CLANG_WARN_OBJC_ROOT_CLASS = YES_ERROR;
				CLANG_WARN_QUOTED_INCLUDE_IN_FRAMEWORK_HEADER = YES;
				CLANG_WARN_RANGE_LOOP_ANALYSIS = YES;
				CLANG_WARN_STRICT_PROTOTYPES = YES;
				CLANG_WARN_SUSPICIOUS_MOVE = YES;
				CLANG_WARN_UNGUARDED_AVAILABILITY = YES_AGGRESSIVE;
				CLANG_WARN_UNREACHABLE_CODE = YES;
				CLANG_WARN__DUPLICATE_METHOD_MATCH = YES;
				COPY_PHASE_STRIP = NO;
				DEBUG_INFORMATION_FORMAT = "dwarf-with-dsym";
				ENABLE_NS_ASSERTIONS = NO;
				ENABLE_STRICT_OBJC_MSGSEND = YES;
				GCC_C_LANGUAGE_STANDARD = gnu11;
				GCC_NO_COMMON_BLOCKS = YES;
				GCC_WARN_64_TO_32_BIT_CONVERSION = YES;
				GCC_WARN_ABOUT_RETURN_TYPE = YES_ERROR;
				GCC_WARN_UNDECLARED_SELECTOR = YES;
				GCC_WARN_UNINITIALIZED_AUTOS = YES_AGGRESSIVE;
				GCC_WARN_UNUSED_FUNCTION = YES;
				GCC_WARN_UNUSED_VARIABLE = YES;
				IPHONEOS_DEPLOYMENT_TARGET = 16.2;
				MTL_ENABLE_DEBUG_INFO = NO;
				MTL_FAST_MATH = YES;
				SDKROOT = iphoneos;
				SWIFT_COMPILATION_MODE = wholemodule;
				SWIFT_OPTIMIZATION_LEVEL = "-O";
				VALIDATE_PRODUCT = YES;
			};
			name = Release;
		};
		863E6ED129CA068800D21C7B /* Debug */ = {
			isa = XCBuildConfiguration;
			buildSettings = {
				ASSETCATALOG_COMPILER_APPICON_NAME = AppIcon;
				ASSETCATALOG_COMPILER_GLOBAL_ACCENT_COLOR_NAME = AccentColor;
				ASSETCATALOG_COMPILER_INCLUDE_ALL_APPICON_ASSETS = NO;
				CODE_SIGN_STYLE = Automatic;
				CURRENT_PROJECT_VERSION = 1;
				GENERATE_INFOPLIST_FILE = YES;
				INFOPLIST_FILE = AutoAcuerdate/Info.plist;
				INFOPLIST_KEY_UIApplicationSupportsIndirectInputEvents = YES;
				INFOPLIST_KEY_UILaunchStoryboardName = LaunchScreen;
				INFOPLIST_KEY_UIMainStoryboardFile = Main;
				INFOPLIST_KEY_UISupportedInterfaceOrientations = UIInterfaceOrientationPortrait;
				IPHONEOS_DEPLOYMENT_TARGET = 15.0;
				LD_RUNPATH_SEARCH_PATHS = (
					"$(inherited)",
					"@executable_path/Frameworks",
				);
				MARKETING_VERSION = 1.0;
				PRODUCT_BUNDLE_IDENTIFIER = com.luocz.AutoAcuerdate;
				PRODUCT_NAME = "$(TARGET_NAME)";
				SUPPORTED_PLATFORMS = "iphoneos iphonesimulator";
				SUPPORTS_MACCATALYST = NO;
				SUPPORTS_MAC_DESIGNED_FOR_IPHONE_IPAD = NO;
				SWIFT_EMIT_LOC_STRINGS = YES;
				SWIFT_VERSION = 5.0;
				TARGETED_DEVICE_FAMILY = 1;
			};
			name = Debug;
		};
		863E6ED229CA068800D21C7B /* Release */ = {
			isa = XCBuildConfiguration;
			buildSettings = {
				ASSETCATALOG_COMPILER_APPICON_NAME = AppIcon;
				ASSETCATALOG_COMPILER_GLOBAL_ACCENT_COLOR_NAME = AccentColor;
				ASSETCATALOG_COMPILER_INCLUDE_ALL_APPICON_ASSETS = NO;
				CODE_SIGN_STYLE = Automatic;
				CURRENT_PROJECT_VERSION = 1;
				GENERATE_INFOPLIST_FILE = YES;
				INFOPLIST_FILE = AutoAcuerdate/Info.plist;
				INFOPLIST_KEY_UIApplicationSupportsIndirectInputEvents = YES;
				INFOPLIST_KEY_UILaunchStoryboardName = LaunchScreen;
				INFOPLIST_KEY_UIMainStoryboardFile = Main;
				INFOPLIST_KEY_UISupportedInterfaceOrientations = UIInterfaceOrientationPortrait;
				IPHONEOS_DEPLOYMENT_TARGET = 15.0;
				LD_RUNPATH_SEARCH_PATHS = (
					"$(inherited)",
					"@executable_path/Frameworks",
				);
				MARKETING_VERSION = 1.0;
				PRODUCT_BUNDLE_IDENTIFIER = com.luocz.AutoAcuerdate;
				PRODUCT_NAME = "$(TARGET_NAME)";
				SUPPORTED_PLATFORMS = "iphoneos iphonesimulator";
				SUPPORTS_MACCATALYST = NO;
				SUPPORTS_MAC_DESIGNED_FOR_IPHONE_IPAD = NO;
				SWIFT_EMIT_LOC_STRINGS = YES;
				SWIFT_VERSION = 5.0;
				TARGETED_DEVICE_FAMILY = 1;
			};
			name = Release;
		};
/* End XCBuildConfiguration section */

/* Begin XCConfigurationList section */
		863E6EB429CA068600D21C7B /* Build configuration list for PBXProject "AutoAcuerdate" */ = {
			isa = XCConfigurationList;
			buildConfigurations = (
				863E6ECE29CA068700D21C7B /* Debug */,
				863E6ECF29CA068700D21C7B /* Release */,
			);
			defaultConfigurationIsVisible = 0;
			defaultConfigurationName = Release;
		};
		863E6ED029CA068800D21C7B /* Build configuration list for PBXNativeTarget "AutoAcuerdate" */ = {
			isa = XCConfigurationList;
			buildConfigurations = (
				863E6ED129CA068800D21C7B /* Debug */,
				863E6ED229CA068800D21C7B /* Release */,
			);
			defaultConfigurationIsVisible = 0;
			defaultConfigurationName = Release;
		};
/* End XCConfigurationList section */

/* Begin XCVersionGroup section */
		863E6EC529CA068600D21C7B /* AutoAcuerdate.xcdatamodeld */ = {
			isa = XCVersionGroup;
			children = (
				863E6EC629CA068600D21C7B /* AutoAcuerdate.xcdatamodel */,
			);
			currentVersion = 863E6EC629CA068600D21C7B /* AutoAcuerdate.xcdatamodel */;
			path = AutoAcuerdate.xcdatamodeld;
			sourceTree = "<group>";
			versionGroupType = wrapper.xcdatamodel;
		};
/* End XCVersionGroup section */
	};
	rootObject = 863E6EB129CA068600D21C7B /* Project object */;
}
